// !$*UTF8*$!
{
	archiveVersion = 1;
	classes = {
	};
	objectVersion = 56;
	objects = {

/* Begin PBXBuildFile section */
		1B38E8EA2BBEA0AA00E01305 /* WLCardBrain.swift in Sources */ = {isa = PBXBuildFile; fileRef = 1B38E8E92BBEA0AA00E01305 /* WLCardBrain.swift */; };
		1B38E8ED2BC03B4D00E01305 /* Kingfisher in Frameworks */ = {isa = PBXBuildFile; productRef = 1B38E8EC2BC03B4D00E01305 /* Kingfisher */; };
		1B5BCD1A2BBADF3D00256EC6 /* AppDelegate.swift in Sources */ = {isa = PBXBuildFile; fileRef = 1B5BCD192BBADF3D00256EC6 /* AppDelegate.swift */; };
		1B5BCD1C2BBADF3D00256EC6 /* SceneDelegate.swift in Sources */ = {isa = PBXBuildFile; fileRef = 1B5BCD1B2BBADF3D00256EC6 /* SceneDelegate.swift */; };
		1B5BCD1E2BBADF3D00256EC6 /* WLHomeVC.swift in Sources */ = {isa = PBXBuildFile; fileRef = 1B5BCD1D2BBADF3D00256EC6 /* WLHomeVC.swift */; };
		1B5BCD212BBADF3D00256EC6 /* Main.storyboard in Resources */ = {isa = PBXBuildFile; fileRef = 1B5BCD1F2BBADF3D00256EC6 /* Main.storyboard */; };
		1B5BCD232BBADF3E00256EC6 /* Assets.xcassets in Resources */ = {isa = PBXBuildFile; fileRef = 1B5BCD222BBADF3E00256EC6 /* Assets.xcassets */; };
		1B5BCD262BBADF3E00256EC6 /* LaunchScreen.storyboard in Resources */ = {isa = PBXBuildFile; fileRef = 1B5BCD242BBADF3E00256EC6 /* LaunchScreen.storyboard */; };
		1B5BCD302BBAE0D000256EC6 /* WLNavigationView.swift in Sources */ = {isa = PBXBuildFile; fileRef = 1B5BCD2F2BBAE0D000256EC6 /* WLNavigationView.swift */; };
		1B5BCD332BBAE8F000256EC6 /* SmileySans-Oblique.ttf in Resources */ = {isa = PBXBuildFile; fileRef = 1B5BCD322BBAE8F000256EC6 /* SmileySans-Oblique.ttf */; };
		1B5BCD352BBBF3FD00256EC6 /* ptcg_chs_infos.json in Resources */ = {isa = PBXBuildFile; fileRef = 1B5BCD342BBBF3FD00256EC6 /* ptcg_chs_infos.json */; };
		1B5BCD372BBBFDF600256EC6 /* WLHomeCellView.swift in Sources */ = {isa = PBXBuildFile; fileRef = 1B5BCD362BBBFDF600256EC6 /* WLHomeCellView.swift */; };
		1B5BCD3B2BBE9AF500256EC6 /* WLJsonManager.swift in Sources */ = {isa = PBXBuildFile; fileRef = 1B5BCD3A2BBE9AF500256EC6 /* WLJsonManager.swift */; };
		1B770BA42BC6596500390B56 /* WLCardDexFilterOptionScrollView.swift in Sources */ = {isa = PBXBuildFile; fileRef = 1B770BA32BC6596500390B56 /* WLCardDexFilterOptionScrollView.swift */; };
		1B770BA62BC66B1B00390B56 /* Extensions.swift in Sources */ = {isa = PBXBuildFile; fileRef = 1B770BA52BC66B1B00390B56 /* Extensions.swift */; };
		1B770BA82BC6BF6F00390B56 /* WLCardDetailVC.swift in Sources */ = {isa = PBXBuildFile; fileRef = 1B770BA72BC6BF6F00390B56 /* WLCardDetailVC.swift */; };
		1B9631FF2BC3F58500645492 /* WLCardDexVC.swift in Sources */ = {isa = PBXBuildFile; fileRef = 1B9631FE2BC3F58500645492 /* WLCardDexVC.swift */; };
		1BE75F402BC7F37C00FFDB93 /* WLCardDetailView.swift in Sources */ = {isa = PBXBuildFile; fileRef = 1BE75F3F2BC7F37C00FFDB93 /* WLCardDetailView.swift */; };
/* End PBXBuildFile section */

/* Begin PBXFileReference section */
		1B38E8E92BBEA0AA00E01305 /* WLCardBrain.swift */ = {isa = PBXFileReference; lastKnownFileType = sourcecode.swift; path = WLCardBrain.swift; sourceTree = "<group>"; };
		1B5BCD162BBADF3D00256EC6 /* WondrousLabyrinth.app */ = {isa = PBXFileReference; explicitFileType = wrapper.application; includeInIndex = 0; path = WondrousLabyrinth.app; sourceTree = BUILT_PRODUCTS_DIR; };
		1B5BCD192BBADF3D00256EC6 /* AppDelegate.swift */ = {isa = PBXFileReference; lastKnownFileType = sourcecode.swift; path = AppDelegate.swift; sourceTree = "<group>"; };
		1B5BCD1B2BBADF3D00256EC6 /* SceneDelegate.swift */ = {isa = PBXFileReference; lastKnownFileType = sourcecode.swift; path = SceneDelegate.swift; sourceTree = "<group>"; };
		1B5BCD1D2BBADF3D00256EC6 /* WLHomeVC.swift */ = {isa = PBXFileReference; lastKnownFileType = sourcecode.swift; path = WLHomeVC.swift; sourceTree = "<group>"; };
		1B5BCD202BBADF3D00256EC6 /* Base */ = {isa = PBXFileReference; lastKnownFileType = file.storyboard; name = Base; path = Base.lproj/Main.storyboard; sourceTree = "<group>"; };
		1B5BCD222BBADF3E00256EC6 /* Assets.xcassets */ = {isa = PBXFileReference; lastKnownFileType = folder.assetcatalog; path = Assets.xcassets; sourceTree = "<group>"; };
		1B5BCD252BBADF3E00256EC6 /* Base */ = {isa = PBXFileReference; lastKnownFileType = file.storyboard; name = Base; path = Base.lproj/LaunchScreen.storyboard; sourceTree = "<group>"; };
		1B5BCD272BBADF3E00256EC6 /* Info.plist */ = {isa = PBXFileReference; lastKnownFileType = text.plist.xml; path = Info.plist; sourceTree = "<group>"; };
		1B5BCD2F2BBAE0D000256EC6 /* WLNavigationView.swift */ = {isa = PBXFileReference; lastKnownFileType = sourcecode.swift; path = WLNavigationView.swift; sourceTree = "<group>"; };
		1B5BCD322BBAE8F000256EC6 /* SmileySans-Oblique.ttf */ = {isa = PBXFileReference; lastKnownFileType = file; path = "SmileySans-Oblique.ttf"; sourceTree = "<group>"; };
		1B5BCD342BBBF3FD00256EC6 /* ptcg_chs_infos.json */ = {isa = PBXFileReference; fileEncoding = 4; lastKnownFileType = text.json; path = ptcg_chs_infos.json; sourceTree = "<group>"; };
		1B5BCD362BBBFDF600256EC6 /* WLHomeCellView.swift */ = {isa = PBXFileReference; lastKnownFileType = sourcecode.swift; path = WLHomeCellView.swift; sourceTree = "<group>"; };
		1B5BCD3A2BBE9AF500256EC6 /* WLJsonManager.swift */ = {isa = PBXFileReference; lastKnownFileType = sourcecode.swift; path = WLJsonManager.swift; sourceTree = "<group>"; };
		1B770BA32BC6596500390B56 /* WLCardDexFilterOptionScrollView.swift */ = {isa = PBXFileReference; lastKnownFileType = sourcecode.swift; path = WLCardDexFilterOptionScrollView.swift; sourceTree = "<group>"; };
		1B770BA52BC66B1B00390B56 /* Extensions.swift */ = {isa = PBXFileReference; lastKnownFileType = sourcecode.swift; path = Extensions.swift; sourceTree = "<group>"; };
		1B770BA72BC6BF6F00390B56 /* WLCardDetailVC.swift */ = {isa = PBXFileReference; lastKnownFileType = sourcecode.swift; path = WLCardDetailVC.swift; sourceTree = "<group>"; };
		1B9631FE2BC3F58500645492 /* WLCardDexVC.swift */ = {isa = PBXFileReference; lastKnownFileType = sourcecode.swift; path = WLCardDexVC.swift; sourceTree = "<group>"; };
		1BE75F3F2BC7F37C00FFDB93 /* WLCardDetailView.swift */ = {isa = PBXFileReference; lastKnownFileType = sourcecode.swift; path = WLCardDetailView.swift; sourceTree = "<group>"; };
/* End PBXFileReference section */

/* Begin PBXFrameworksBuildPhase section */
		1B5BCD132BBADF3D00256EC6 /* Frameworks */ = {
			isa = PBXFrameworksBuildPhase;
			buildActionMask = 2147483647;
			files = (
				1B38E8ED2BC03B4D00E01305 /* Kingfisher in Frameworks */,
			);
			runOnlyForDeploymentPostprocessing = 0;
		};
/* End PBXFrameworksBuildPhase section */

/* Begin PBXGroup section */
		1B5BCD0D2BBADF3D00256EC6 = {
			isa = PBXGroup;
			children = (
				1B5BCD182BBADF3D00256EC6 /* WondrousLabyrinth */,
				1B5BCD172BBADF3D00256EC6 /* Products */,
			);
			sourceTree = "<group>";
		};
		1B5BCD172BBADF3D00256EC6 /* Products */ = {
			isa = PBXGroup;
			children = (
				1B5BCD162BBADF3D00256EC6 /* WondrousLabyrinth.app */,
			);
			name = Products;
			sourceTree = "<group>";
		};
		1B5BCD182BBADF3D00256EC6 /* WondrousLabyrinth */ = {
			isa = PBXGroup;
			children = (
				1B5BCD192BBADF3D00256EC6 /* AppDelegate.swift */,
				1B5BCD1B2BBADF3D00256EC6 /* SceneDelegate.swift */,
				1B5BCD312BBAE8DC00256EC6 /* Resources */,
				1B5BCD382BBE9A9B00256EC6 /* Models */,
				1B5BCD392BBE9AB200256EC6 /* Service */,
				1B5BCD2E2BBAE0A100256EC6 /* Scenes */,
				1B5BCD2D2BBAE09700256EC6 /* VIews */,
				1B5BCD1F2BBADF3D00256EC6 /* Main.storyboard */,
				1B5BCD242BBADF3E00256EC6 /* LaunchScreen.storyboard */,
				1B5BCD272BBADF3E00256EC6 /* Info.plist */,
			);
			path = WondrousLabyrinth;
			sourceTree = "<group>";
		};
		1B5BCD2D2BBAE09700256EC6 /* VIews */ = {
			isa = PBXGroup;
			children = (
				1B5BCD2F2BBAE0D000256EC6 /* WLNavigationView.swift */,
				1B5BCD362BBBFDF600256EC6 /* WLHomeCellView.swift */,
			);
			path = VIews;
			sourceTree = "<group>";
		};
		1B5BCD2E2BBAE0A100256EC6 /* Scenes */ = {
			isa = PBXGroup;
			children = (
				1B5BCD1D2BBADF3D00256EC6 /* WLHomeVC.swift */,
				1B9631FE2BC3F58500645492 /* WLCardDexVC.swift */,
				1B770BA32BC6596500390B56 /* WLCardDexFilterOptionScrollView.swift */,
				1B770BA72BC6BF6F00390B56 /* WLCardDetailVC.swift */,
				1BE75F3F2BC7F37C00FFDB93 /* WLCardDetailView.swift */,
			);
			path = Scenes;
			sourceTree = "<group>";
		};
		1B5BCD312BBAE8DC00256EC6 /* Resources */ = {
			isa = PBXGroup;
			children = (
				1B5BCD222BBADF3E00256EC6 /* Assets.xcassets */,
				1B5BCD322BBAE8F000256EC6 /* SmileySans-Oblique.ttf */,
				1B5BCD342BBBF3FD00256EC6 /* ptcg_chs_infos.json */,
			);
			path = Resources;
			sourceTree = "<group>";
		};
		1B5BCD382BBE9A9B00256EC6 /* Models */ = {
			isa = PBXGroup;
			children = (
				1B38E8E92BBEA0AA00E01305 /* WLCardBrain.swift */,
			);
			path = Models;
			sourceTree = "<group>";
		};
		1B5BCD392BBE9AB200256EC6 /* Service */ = {
			isa = PBXGroup;
			children = (
				1B5BCD3A2BBE9AF500256EC6 /* WLJsonManager.swift */,
				1B770BA52BC66B1B00390B56 /* Extensions.swift */,
			);
			path = Service;
			sourceTree = "<group>";
		};
/* End PBXGroup section */

/* Begin PBXNativeTarget section */
		1B5BCD152BBADF3D00256EC6 /* WondrousLabyrinth */ = {
			isa = PBXNativeTarget;
			buildConfigurationList = 1B5BCD2A2BBADF3E00256EC6 /* Build configuration list for PBXNativeTarget "WondrousLabyrinth" */;
			buildPhases = (
				1B5BCD122BBADF3D00256EC6 /* Sources */,
				1B5BCD132BBADF3D00256EC6 /* Frameworks */,
				1B5BCD142BBADF3D00256EC6 /* Resources */,
			);
			buildRules = (
			);
			dependencies = (
			);
			name = WondrousLabyrinth;
			packageProductDependencies = (
				1B38E8EC2BC03B4D00E01305 /* Kingfisher */,
			);
			productName = WondrousLabyrinth;
			productReference = 1B5BCD162BBADF3D00256EC6 /* WondrousLabyrinth.app */;
			productType = "com.apple.product-type.application";
		};
/* End PBXNativeTarget section */

/* Begin PBXProject section */
		1B5BCD0E2BBADF3D00256EC6 /* Project object */ = {
			isa = PBXProject;
			attributes = {
				BuildIndependentTargetsInParallel = 1;
				LastSwiftUpdateCheck = 1520;
				LastUpgradeCheck = 1520;
				TargetAttributes = {
					1B5BCD152BBADF3D00256EC6 = {
						CreatedOnToolsVersion = 15.2;
					};
				};
			};
			buildConfigurationList = 1B5BCD112BBADF3D00256EC6 /* Build configuration list for PBXProject "WondrousLabyrinth" */;
			compatibilityVersion = "Xcode 14.0";
			developmentRegion = en;
			hasScannedForEncodings = 0;
			knownRegions = (
				en,
				Base,
			);
			mainGroup = 1B5BCD0D2BBADF3D00256EC6;
			packageReferences = (
				1B38E8EB2BC03B4D00E01305 /* XCRemoteSwiftPackageReference "Kingfisher" */,
			);
			productRefGroup = 1B5BCD172BBADF3D00256EC6 /* Products */;
			projectDirPath = "";
			projectRoot = "";
			targets = (
				1B5BCD152BBADF3D00256EC6 /* WondrousLabyrinth */,
			);
		};
/* End PBXProject section */

/* Begin PBXResourcesBuildPhase section */
		1B5BCD142BBADF3D00256EC6 /* Resources */ = {
			isa = PBXResourcesBuildPhase;
			buildActionMask = 2147483647;
			files = (
				1B5BCD352BBBF3FD00256EC6 /* ptcg_chs_infos.json in Resources */,
				1B5BCD332BBAE8F000256EC6 /* SmileySans-Oblique.ttf in Resources */,
				1B5BCD262BBADF3E00256EC6 /* LaunchScreen.storyboard in Resources */,
				1B5BCD232BBADF3E00256EC6 /* Assets.xcassets in Resources */,
				1B5BCD212BBADF3D00256EC6 /* Main.storyboard in Resources */,
			);
			runOnlyForDeploymentPostprocessing = 0;
		};
/* End PBXResourcesBuildPhase section */

/* Begin PBXSourcesBuildPhase section */
		1B5BCD122BBADF3D00256EC6 /* Sources */ = {
			isa = PBXSourcesBuildPhase;
			buildActionMask = 2147483647;
			files = (
				1BE75F402BC7F37C00FFDB93 /* WLCardDetailView.swift in Sources */,
				1B5BCD1E2BBADF3D00256EC6 /* WLHomeVC.swift in Sources */,
				1B5BCD1A2BBADF3D00256EC6 /* AppDelegate.swift in Sources */,
				1B5BCD372BBBFDF600256EC6 /* WLHomeCellView.swift in Sources */,
				1B9631FF2BC3F58500645492 /* WLCardDexVC.swift in Sources */,
				1B770BA42BC6596500390B56 /* WLCardDexFilterOptionScrollView.swift in Sources */,
				1B770BA62BC66B1B00390B56 /* Extensions.swift in Sources */,
				1B5BCD1C2BBADF3D00256EC6 /* SceneDelegate.swift in Sources */,
				1B38E8EA2BBEA0AA00E01305 /* WLCardBrain.swift in Sources */,
				1B5BCD3B2BBE9AF500256EC6 /* WLJsonManager.swift in Sources */,
				1B5BCD302BBAE0D000256EC6 /* WLNavigationView.swift in Sources */,
				1B770BA82BC6BF6F00390B56 /* WLCardDetailVC.swift in Sources */,
			);
			runOnlyForDeploymentPostprocessing = 0;
		};
/* End PBXSourcesBuildPhase section */

/* Begin PBXVariantGroup section */
		1B5BCD1F2BBADF3D00256EC6 /* Main.storyboard */ = {
			isa = PBXVariantGroup;
			children = (
				1B5BCD202BBADF3D00256EC6 /* Base */,
			);
			name = Main.storyboard;
			sourceTree = "<group>";
		};
		1B5BCD242BBADF3E00256EC6 /* LaunchScreen.storyboard */ = {
			isa = PBXVariantGroup;
			children = (
				1B5BCD252BBADF3E00256EC6 /* Base */,
			);
			name = LaunchScreen.storyboard;
			sourceTree = "<group>";
		};
/* End PBXVariantGroup section */

/* Begin XCBuildConfiguration section */
		1B5BCD282BBADF3E00256EC6 /* Debug */ = {
			isa = XCBuildConfiguration;
			buildSettings = {
				ALWAYS_SEARCH_USER_PATHS = NO;
				ASSETCATALOG_COMPILER_GENERATE_SWIFT_ASSET_SYMBOL_EXTENSIONS = YES;
				CLANG_ANALYZER_NONNULL = YES;
				CLANG_ANALYZER_NUMBER_OBJECT_CONVERSION = YES_AGGRESSIVE;
				CLANG_CXX_LANGUAGE_STANDARD = "gnu++20";
				CLANG_ENABLE_MODULES = YES;
				CLANG_ENABLE_OBJC_ARC = YES;
				CLANG_ENABLE_OBJC_WEAK = YES;
				CLANG_WARN_BLOCK_CAPTURE_AUTORELEASING = YES;
				CLANG_WARN_BOOL_CONVERSION = YES;
				CLANG_WARN_COMMA = YES;
				CLANG_WARN_CONSTANT_CONVERSION = YES;
				CLANG_WARN_DEPRECATED_OBJC_IMPLEMENTATIONS = YES;
				CLANG_WARN_DIRECT_OBJC_ISA_USAGE = YES_ERROR;
				CLANG_WARN_DOCUMENTATION_COMMENTS = YES;
				CLANG_WARN_EMPTY_BODY = YES;
				CLANG_WARN_ENUM_CONVERSION = YES;
				CLANG_WARN_INFINITE_RECURSION = YES;
				CLANG_WARN_INT_CONVERSION = YES;
				CLANG_WARN_NON_LITERAL_NULL_CONVERSION = YES;
				CLANG_WARN_OBJC_IMPLICIT_RETAIN_SELF = YES;
				CLANG_WARN_OBJC_LITERAL_CONVERSION = YES;
				CLANG_WARN_OBJC_ROOT_CLASS = YES_ERROR;
				CLANG_WARN_QUOTED_INCLUDE_IN_FRAMEWORK_HEADER = YES;
				CLANG_WARN_RANGE_LOOP_ANALYSIS = YES;
				CLANG_WARN_STRICT_PROTOTYPES = YES;
				CLANG_WARN_SUSPICIOUS_MOVE = YES;
				CLANG_WARN_UNGUARDED_AVAILABILITY = YES_AGGRESSIVE;
				CLANG_WARN_UNREACHABLE_CODE = YES;
				CLANG_WARN__DUPLICATE_METHOD_MATCH = YES;
				COPY_PHASE_STRIP = NO;
				DEBUG_INFORMATION_FORMAT = dwarf;
				ENABLE_STRICT_OBJC_MSGSEND = YES;
				ENABLE_TESTABILITY = YES;
				ENABLE_USER_SCRIPT_SANDBOXING = YES;
				GCC_C_LANGUAGE_STANDARD = gnu17;
				GCC_DYNAMIC_NO_PIC = NO;
				GCC_NO_COMMON_BLOCKS = YES;
				GCC_OPTIMIZATION_LEVEL = 0;
				GCC_PREPROCESSOR_DEFINITIONS = (
					"DEBUG=1",
					"$(inherited)",
				);
				GCC_WARN_64_TO_32_BIT_CONVERSION = YES;
				GCC_WARN_ABOUT_RETURN_TYPE = YES_ERROR;
				GCC_WARN_UNDECLARED_SELECTOR = YES;
				GCC_WARN_UNINITIALIZED_AUTOS = YES_AGGRESSIVE;
				GCC_WARN_UNUSED_FUNCTION = YES;
				GCC_WARN_UNUSED_VARIABLE = YES;
				IPHONEOS_DEPLOYMENT_TARGET = 17.2;
				LOCALIZATION_PREFERS_STRING_CATALOGS = YES;
				MTL_ENABLE_DEBUG_INFO = INCLUDE_SOURCE;
				MTL_FAST_MATH = YES;
				ONLY_ACTIVE_ARCH = YES;
				SDKROOT = iphoneos;
				SWIFT_ACTIVE_COMPILATION_CONDITIONS = "DEBUG $(inherited)";
				SWIFT_OPTIMIZATION_LEVEL = "-Onone";
			};
			name = Debug;
		};
		1B5BCD292BBADF3E00256EC6 /* Release */ = {
			isa = XCBuildConfiguration;
			buildSettings = {
				ALWAYS_SEARCH_USER_PATHS = NO;
				ASSETCATALOG_COMPILER_GENERATE_SWIFT_ASSET_SYMBOL_EXTENSIONS = YES;
				CLANG_ANALYZER_NONNULL = YES;
				CLANG_ANALYZER_NUMBER_OBJECT_CONVERSION = YES_AGGRESSIVE;
				CLANG_CXX_LANGUAGE_STANDARD = "gnu++20";
				CLANG_ENABLE_MODULES = YES;
				CLANG_ENABLE_OBJC_ARC = YES;
				CLANG_ENABLE_OBJC_WEAK = YES;
				CLANG_WARN_BLOCK_CAPTURE_AUTORELEASING = YES;
				CLANG_WARN_BOOL_CONVERSION = YES;
				CLANG_WARN_COMMA = YES;
				CLANG_WARN_CONSTANT_CONVERSION = YES;
				CLANG_WARN_DEPRECATED_OBJC_IMPLEMENTATIONS = YES;
				CLANG_WARN_DIRECT_OBJC_ISA_USAGE = YES_ERROR;
				CLANG_WARN_DOCUMENTATION_COMMENTS = YES;
				CLANG_WARN_EMPTY_BODY = YES;
				CLANG_WARN_ENUM_CONVERSION = YES;
				CLANG_WARN_INFINITE_RECURSION = YES;
				CLANG_WARN_INT_CONVERSION = YES;
				CLANG_WARN_NON_LITERAL_NULL_CONVERSION = YES;
				CLANG_WARN_OBJC_IMPLICIT_RETAIN_SELF = YES;
				CLANG_WARN_OBJC_LITERAL_CONVERSION = YES;
				CLANG_WARN_OBJC_ROOT_CLASS = YES_ERROR;
				CLANG_WARN_QUOTED_INCLUDE_IN_FRAMEWORK_HEADER = YES;
				CLANG_WARN_RANGE_LOOP_ANALYSIS = YES;
				CLANG_WARN_STRICT_PROTOTYPES = YES;
				CLANG_WARN_SUSPICIOUS_MOVE = YES;
				CLANG_WARN_UNGUARDED_AVAILABILITY = YES_AGGRESSIVE;
				CLANG_WARN_UNREACHABLE_CODE = YES;
				CLANG_WARN__DUPLICATE_METHOD_MATCH = YES;
				COPY_PHASE_STRIP = NO;
				DEBUG_INFORMATION_FORMAT = "dwarf-with-dsym";
				ENABLE_NS_ASSERTIONS = NO;
				ENABLE_STRICT_OBJC_MSGSEND = YES;
				ENABLE_USER_SCRIPT_SANDBOXING = YES;
				GCC_C_LANGUAGE_STANDARD = gnu17;
				GCC_NO_COMMON_BLOCKS = YES;
				GCC_WARN_64_TO_32_BIT_CONVERSION = YES;
				GCC_WARN_ABOUT_RETURN_TYPE = YES_ERROR;
				GCC_WARN_UNDECLARED_SELECTOR = YES;
				GCC_WARN_UNINITIALIZED_AUTOS = YES_AGGRESSIVE;
				GCC_WARN_UNUSED_FUNCTION = YES;
				GCC_WARN_UNUSED_VARIABLE = YES;
				IPHONEOS_DEPLOYMENT_TARGET = 17.2;
				LOCALIZATION_PREFERS_STRING_CATALOGS = YES;
				MTL_ENABLE_DEBUG_INFO = NO;
				MTL_FAST_MATH = YES;
				SDKROOT = iphoneos;
				SWIFT_COMPILATION_MODE = wholemodule;
				VALIDATE_PRODUCT = YES;
			};
			name = Release;
		};
		1B5BCD2B2BBADF3E00256EC6 /* Debug */ = {
			isa = XCBuildConfiguration;
			buildSettings = {
				ASSETCATALOG_COMPILER_APPICON_NAME = AppIcon;
				ASSETCATALOG_COMPILER_GLOBAL_ACCENT_COLOR_NAME = AccentColor;
				CODE_SIGN_STYLE = Automatic;
				CURRENT_PROJECT_VERSION = 1;
				DEVELOPMENT_TEAM = RSA8WT4A52;
				GENERATE_INFOPLIST_FILE = YES;
				INFOPLIST_FILE = WondrousLabyrinth/Info.plist;
				INFOPLIST_KEY_CFBundleDisplayName = "奇迹迷宫";
				INFOPLIST_KEY_UIApplicationSupportsIndirectInputEvents = YES;
				INFOPLIST_KEY_UILaunchStoryboardName = LaunchScreen;
				INFOPLIST_KEY_UIMainStoryboardFile = Main;
				INFOPLIST_KEY_UISupportedInterfaceOrientations = UIInterfaceOrientationPortrait;
				INFOPLIST_KEY_UISupportedInterfaceOrientations_iPad = "UIInterfaceOrientationPortrait UIInterfaceOrientationPortraitUpsideDown";
				IPHONEOS_DEPLOYMENT_TARGET = 17.0;
				LD_RUNPATH_SEARCH_PATHS = (
					"$(inherited)",
					"@executable_path/Frameworks",
				);
				MARKETING_VERSION = 1.0.0;
				PRODUCT_BUNDLE_IDENTIFIER = Mim0sa.WondrousLabyrinth;
				PRODUCT_NAME = "$(TARGET_NAME)";
				SWIFT_EMIT_LOC_STRINGS = YES;
				SWIFT_VERSION = 5.0;
				TARGETED_DEVICE_FAMILY = "1,2";
			};
			name = Debug;
		};
		1B5BCD2C2BBADF3E00256EC6 /* Release */ = {
			isa = XCBuildConfiguration;
			buildSettings = {
				ASSETCATALOG_COMPILER_APPICON_NAME = AppIcon;
				ASSETCATALOG_COMPILER_GLOBAL_ACCENT_COLOR_NAME = AccentColor;
				CODE_SIGN_STYLE = Automatic;
				CURRENT_PROJECT_VERSION = 1;
				DEVELOPMENT_TEAM = RSA8WT4A52;
				GENERATE_INFOPLIST_FILE = YES;
				INFOPLIST_FILE = WondrousLabyrinth/Info.plist;
				INFOPLIST_KEY_CFBundleDisplayName = "奇迹迷宫";
				INFOPLIST_KEY_UIApplicationSupportsIndirectInputEvents = YES;
				INFOPLIST_KEY_UILaunchStoryboardName = LaunchScreen;
				INFOPLIST_KEY_UIMainStoryboardFile = Main;
				INFOPLIST_KEY_UISupportedInterfaceOrientations = UIInterfaceOrientationPortrait;
				INFOPLIST_KEY_UISupportedInterfaceOrientations_iPad = "UIInterfaceOrientationPortrait UIInterfaceOrientationPortraitUpsideDown";
				IPHONEOS_DEPLOYMENT_TARGET = 17.0;
				LD_RUNPATH_SEARCH_PATHS = (
					"$(inherited)",
					"@executable_path/Frameworks",
				);
				MARKETING_VERSION = 1.0.0;
				PRODUCT_BUNDLE_IDENTIFIER = Mim0sa.WondrousLabyrinth;
				PRODUCT_NAME = "$(TARGET_NAME)";
				SWIFT_EMIT_LOC_STRINGS = YES;
				SWIFT_VERSION = 5.0;
				TARGETED_DEVICE_FAMILY = "1,2";
			};
			name = Release;
		};
/* End XCBuildConfiguration section */

/* Begin XCConfigurationList section */
		1B5BCD112BBADF3D00256EC6 /* Build configuration list for PBXProject "WondrousLabyrinth" */ = {
			isa = XCConfigurationList;
			buildConfigurations = (
				1B5BCD282BBADF3E00256EC6 /* Debug */,
				1B5BCD292BBADF3E00256EC6 /* Release */,
			);
			defaultConfigurationIsVisible = 0;
			defaultConfigurationName = Release;
		};
		1B5BCD2A2BBADF3E00256EC6 /* Build configuration list for PBXNativeTarget "WondrousLabyrinth" */ = {
			isa = XCConfigurationList;
			buildConfigurations = (
				1B5BCD2B2BBADF3E00256EC6 /* Debug */,
				1B5BCD2C2BBADF3E00256EC6 /* Release */,
			);
			defaultConfigurationIsVisible = 0;
			defaultConfigurationName = Release;
		};
/* End XCConfigurationList section */

/* Begin XCRemoteSwiftPackageReference section */
		1B38E8EB2BC03B4D00E01305 /* XCRemoteSwiftPackageReference "Kingfisher" */ = {
			isa = XCRemoteSwiftPackageReference;
			repositoryURL = "https://github.com/onevcat/Kingfisher.git";
			requirement = {
				kind = upToNextMajorVersion;
				minimumVersion = 7.11.0;
			};
		};
/* End XCRemoteSwiftPackageReference section */

/* Begin XCSwiftPackageProductDependency section */
		1B38E8EC2BC03B4D00E01305 /* Kingfisher */ = {
			isa = XCSwiftPackageProductDependency;
			package = 1B38E8EB2BC03B4D00E01305 /* XCRemoteSwiftPackageReference "Kingfisher" */;
			productName = Kingfisher;
		};
/* End XCSwiftPackageProductDependency section */
	};
	rootObject = 1B5BCD0E2BBADF3D00256EC6 /* Project object */;
}
